// !$*UTF8*$!
{
	archiveVersion = 1;
	classes = {
	};
	objectVersion = 56;
	objects = {

/* Begin PBXBuildFile section */
		1101A0012C00000100000001 /* AppDelegate.swift in Sources */ = {isa = PBXBuildFile; fileRef = 1101A0022C00000100000001 /* AppDelegate.swift */; };
		1101A0032C00000100000001 /* AudioSessionManager.swift in Sources */ = {isa = PBXBuildFile; fileRef = 1101A0042C00000100000001 /* AudioSessionManager.swift */; };
		1101A0052C00000100000001 /* ViewController.swift in Sources */ = {isa = PBXBuildFile; fileRef = 1101A0062C00000100000001 /* ViewController.swift */; };
		1101A0072C00000100000001 /* www in Resources */ = {isa = PBXBuildFile; fileRef = 1101A0082C00000100000001 /* www */; };
/* End PBXBuildFile section */

/* Begin PBXFileReference section */
		1101A0022C00000100000001 /* AppDelegate.swift */ = {isa = PBXFileReference; lastKnownFileType = sourcecode.swift; path = AppDelegate.swift; sourceTree = "<group>"; };
		1101A0042C00000100000001 /* AudioSessionManager.swift */ = {isa = PBXFileReference; lastKnownFileType = sourcecode.swift; path = AudioSessionManager.swift; sourceTree = "<group>"; };
		1101A0062C00000100000001 /* ViewController.swift */ = {isa = PBXFileReference; lastKnownFileType = sourcecode.swift; path = ViewController.swift; sourceTree = "<group>"; };
		1101A0082C00000100000001 /* www */ = {isa = PBXFileReference; lastKnownFileType = folder; path = www; sourceTree = "<group>"; };
		1101A0092C00000100000001 /* Info.plist */ = {isa = PBXFileReference; lastKnownFileType = text.plist.xml; path = Info.plist; sourceTree = "<group>"; };
		1101A00A2C00000100000001 /* TrueCalling.app */ = {isa = PBXFileReference; explicitFileType = wrapper.application; includeInIndex = 0; path = TrueCalling.app; sourceTree = BUILT_PRODUCTS_DIR; };
/* End PBXFileReference section */

/* Begin PBXFrameworksBuildPhase section */
		1101A00B2C00000100000001 /* Frameworks */ = {
			isa = PBXFrameworksBuildPhase;
			buildActionMask = 2147483647;
			files = (
			);
			runOnlyForDeploymentPostprocessing = 0;
		};
/* End PBXFrameworksBuildPhase section */

/* Begin PBXGroup section */
		1101A00C2C00000100000001 = {
			isa = PBXGroup;
			children = (
				1101A00D2C00000100000001 /* TrueCalling */,
				1101A00E2C00000100000001 /* Products */,
			);
			sourceTree = "<group>";
		};
		1101A00D2C00000100000001 /* TrueCalling */ = {
			isa = PBXGroup;
			children = (
				1101A0022C00000100000001 /* AppDelegate.swift */,
				1101A0042C00000100000001 /* AudioSessionManager.swift */,
				1101A0062C00000100000001 /* ViewController.swift */,
				1101A0082C00000100000001 /* www */,
				1101A0092C00000100000001 /* Info.plist */,
			);
			path = TrueCalling;
			sourceTree = "<group>";
		};
		1101A00E2C00000100000001 /* Products */ = {
			isa = PBXGroup;
			children = (
				1101A00A2C00000100000001 /* TrueCalling.app */,
			);
			name = Products;
			sourceTree = "<group>";
		};
/* End PBXGroup section */

/* Begin PBXNativeTarget section */
		1101A00F2C00000100000001 /* TrueCalling */ = {
			isa = PBXNativeTarget;
			buildConfigurationList = 1101A0102C00000100000001 /* Build configuration list for PBXNativeTarget "TrueCalling" */;
			buildPhases = (
				1101A0112C00000100000001 /* Sources */,
				1101A00B2C00000100000001 /* Frameworks */,
				1101A0122C00000100000001 /* Resources */,
			);
			buildRules = (
			);
			dependencies = (
			);
			name = TrueCalling;
			productName = TrueCalling;
			productReference = 1101A00A2C00000100000001 /* TrueCalling.app */;
			productType = "com.apple.product-type.application";
		};
/* End PBXNativeTarget section */

/* Begin PBXProject section */
		1101A0132C00000100000001 /* Project object */ = {
			isa = PBXProject;
			attributes = {
				BuildIndependentTargetsInParallel = 1;
				LastSwiftUpdateCheck = 1500;
				LastUpgradeCheck = 1500;
			};
			buildConfigurationList = 1101A0142C00000100000001 /* Build configuration list for PBXProject "TrueCalling" */;
			compatibilityVersion = "Xcode 14.0";
			developmentRegion = en;
			hasScannedForEncodings = 0;
			knownRegions = (
				en,
				Base,
			);
			mainGroup = 1101A00C2C00000100000001;
			productRefGroup = 1101A00E2C00000100000001 /* Products */;
			projectDirPath = "";
			projectRoot = "";
			targets = (
				1101A00F2C00000100000001 /* TrueCalling */,
			);
		};
/* End PBXProject section */

/* Begin PBXResourcesBuildPhase section */
		1101A0122C00000100000001 /* Resources */ = {
			isa = PBXResourcesBuildPhase;
			buildActionMask = 2147483647;
			files = (
				1101A0072C00000100000001 /* www in Resources */,
			);
			runOnlyForDeploymentPostprocessing = 0;
		};
/* End PBXResourcesBuildPhase section */

/* Begin PBXSourcesBuildPhase section */
		1101A0112C00000100000001 /* Sources */ = {
			isa = PBXSourcesBuildPhase;
			buildActionMask = 2147483647;
			files = (
				1101A0012C00000100000001 /* AppDelegate.swift in Sources */,
				1101A0032C00000100000001 /* AudioSessionManager.swift in Sources */,
				1101A0052C00000100000001 /* ViewController.swift in Sources */,
			);
			runOnlyForDeploymentPostprocessing = 0;
		};
/* End PBXSourcesBuildPhase section */

/* Begin XCBuildConfiguration section */
		1101A0152C00000100000001 /* Debug */ = {
			isa = XCBuildConfiguration;
			buildSettings = {
				ALWAYS_SEARCH_USER_PATHS = NO;
				CLANG_ANALYZER_NONNULL = YES;
				CLANG_ENABLE_MODULES = YES;
				CLANG_ENABLE_OBJC_ARC = YES;
				COPY_PHASE_STRIP = NO;
				DEBUG_INFORMATION_FORMAT = dwarf;
				ENABLE_STRICT_OBJC_MSGSEND = YES;
				ENABLE_TESTABILITY = YES;
				GCC_DYNAMIC_NO_PIC = NO;
				GCC_OPTIMIZATION_LEVEL = 0;
				GCC_PREPROCESSOR_DEFINITIONS = (
					"DEBUG=1",
					"$(inherited)",
				);
				IPHONEOS_DEPLOYMENT_TARGET = 15.0;
				MTL_ENABLE_DEBUG_INFO = INCLUDE_SOURCE;
				ONLY_ACTIVE_ARCH = YES;
				SDKROOT = iphoneos;
				SWIFT_ACTIVE_COMPILATION_CONDITIONS = DEBUG;
				SWIFT_OPTIMIZATION_LEVEL = "-Onone";
			};
			name = Debug;
		};
		1101A0162C00000100000001 /* Release */ = {
			isa = XCBuildConfiguration;
			buildSettings = {
				ALWAYS_SEARCH_USER_PATHS = NO;
				CLANG_ANALYZER_NONNULL = YES;
				CLANG_ENABLE_MODULES = YES;
				CLANG_ENABLE_OBJC_ARC = YES;
				COPY_PHASE_STRIP = NO;
				DEBUG_INFORMATION_FORMAT = "dwarf-with-dsym";
				ENABLE_NS_ASSERTIONS = NO;
				ENABLE_STRICT_OBJC_MSGSEND = YES;
				GCC_OPTIMIZATION_LEVEL = s;
				IPHONEOS_DEPLOYMENT_TARGET = 15.0;
				MTL_ENABLE_DEBUG_INFO = NO;
				SDKROOT = iphoneos;
				SWIFT_COMPILATION_MODE = wholemodule;
				SWIFT_OPTIMIZATION_LEVEL = "-O";
				VALIDATE_PRODUCT = YES;
			};
			name = Release;
		};
		1101A0172C00000100000001 /* Debug */ = {
			isa = XCBuildConfiguration;
			buildSettings = {
				ASSETCATALOG_COMPILER_APPICON_NAME = AppIcon;
				CODE_SIGN_STYLE = Automatic;
				CURRENT_PROJECT_VERSION = 1;
				GENERATE_INFOPLIST_FILE = NO;
				INFOPLIST_FILE = TrueCalling/Info.plist;
				LD_RUNPATH_SEARCH_PATHS = (
					"$(inherited)",
					"@executable_path/Frameworks",
				);
				MARKETING_VERSION = 0.1.4;
				PRODUCT_BUNDLE_IDENTIFIER = com.truecalling.app;
				PRODUCT_NAME = "$(TARGET_NAME)";
				SWIFT_VERSION = 5.0;
				TARGETED_DEVICE_FAMILY = "1,2";
			};
			name = Debug;
		};
		1101A0182C00000100000001 /* Release */ = {
			isa = XCBuildConfiguration;
			buildSettings = {
				ASSETCATALOG_COMPILER_APPICON_NAME = AppIcon;
				CODE_SIGN_STYLE = Automatic;
				CURRENT_PROJECT_VERSION = 1;
				GENERATE_INFOPLIST_FILE = NO;
				INFOPLIST_FILE = TrueCalling/Info.plist;
				LD_RUNPATH_SEARCH_PATHS = (
					"$(inherited)",
					"@executable_path/Frameworks",
				);
				MARKETING_VERSION = 0.1.4;
				PRODUCT_BUNDLE_IDENTIFIER = com.truecalling.app;
				PRODUCT_NAME = "$(TARGET_NAME)";
				SWIFT_VERSION = 5.0;
				TARGETED_DEVICE_FAMILY = "1,2";
			};
			name = Release;
		};
/* End XCBuildConfiguration section */

/* Begin XCConfigurationList section */
		1101A0142C00000100000001 /* Build configuration list for PBXProject "TrueCalling" */ = {
			isa = XCConfigurationList;
			buildConfigurations = (
				1101A0152C00000100000001 /* Debug */,
				1101A0162C00000100000001 /* Release */,
			);
			defaultConfigurationIsVisible = 0;
			defaultConfigurationName = Release;
		};
		1101A0102C00000100000001 /* Build configuration list for PBXNativeTarget "TrueCalling" */ = {
			isa = XCConfigurationList;
			buildConfigurations = (
				1101A0172C00000100000001 /* Debug */,
				1101A0182C00000100000001 /* Release */,
			);
			defaultConfigurationIsVisible = 0;
			defaultConfigurationName = Release;
		};
/* End XCConfigurationList section */

	};
	rootObject = 1101A0132C00000100000001 /* Project object */;
}
